
Microsoft Visual Studio Solution File, Format Version 9.00
# Visual Studio 2005
Project("{8BC9CEB8-8B4A-11D0-8D11-00A0C91BC942}") = "StrStreams", "StrStreams.vcproj", "{67FB15D3-F764-475C-9AFB-5CC79C459B72}"
EndProject
Global
	GlobalSection(SolutionConfigurationPlatforms) = preSolution
		Debug|Win32 = Debug|Win32
		Release|Win32 = Release|Win32
	EndGlobalSection
	GlobalSection(ProjectConfigurationPlatforms) = postSolution
		{67FB15D3-F764-475C-9AFB-5CC79C459B72}.Debug|Win32.ActiveCfg = Debug|Win32
		{67FB15D3-F764-475C-9AFB-5CC79C459B72}.Debug|Win32.Build.0 = Debug|Win32
		{67FB15D3-F764-475C-9AFB-5CC79C459B72}.Release|Win32.ActiveCfg = Release|Win32
		{67FB15D3-F764-475C-9AFB-5CC79C459B72}.Release|Win32.Build.0 = Release|Win32
	EndGlobalSection
	GlobalSection(SolutionProperties) = preSolution
		HideSolutionNode = FALSE
	EndGlobalSection
EndGlobal
