
Microsoft Visual Studio Solution File, Format Version 9.00
# Visual Studio 2005
Project("{8BC9CEB8-8B4A-11D0-8D11-00A0C91BC942}") = "Square1", "Square1.vcproj", "{DC8A4EEB-7FAE-4CAB-9BE7-84B4937C4B35}"
EndProject
Global
	GlobalSection(SolutionConfigurationPlatforms) = preSolution
		Debug|Win32 = Debug|Win32
		Release|Win32 = Release|Win32
	EndGlobalSection
	GlobalSection(ProjectConfigurationPlatforms) = postSolution
		{DC8A4EEB-7FAE-4CAB-9BE7-84B4937C4B35}.Debug|Win32.ActiveCfg = Debug|Win32
		{DC8A4EEB-7FAE-4CAB-9BE7-84B4937C4B35}.Debug|Win32.Build.0 = Debug|Win32
		{DC8A4EEB-7FAE-4CAB-9BE7-84B4937C4B35}.Release|Win32.ActiveCfg = Release|Win32
		{DC8A4EEB-7FAE-4CAB-9BE7-84B4937C4B35}.Release|Win32.Build.0 = Release|Win32
	EndGlobalSection
	GlobalSection(SolutionProperties) = preSolution
		HideSolutionNode = FALSE
	EndGlobalSection
EndGlobal
