
Microsoft Visual Studio Solution File, Format Version 9.00
# Visual Studio 2005
Project("{8BC9CEB8-8B4A-11D0-8D11-00A0C91BC942}") = "Triangles", "Triangles.vcproj", "{58880C60-7FB6-41D1-B22B-164A64334878}"
EndProject
Global
	GlobalSection(SolutionConfigurationPlatforms) = preSolution
		Debug|Win32 = Debug|Win32
		Release|Win32 = Release|Win32
	EndGlobalSection
	GlobalSection(ProjectConfigurationPlatforms) = postSolution
		{58880C60-7FB6-41D1-B22B-164A64334878}.Debug|Win32.ActiveCfg = Debug|Win32
		{58880C60-7FB6-41D1-B22B-164A64334878}.Debug|Win32.Build.0 = Debug|Win32
		{58880C60-7FB6-41D1-B22B-164A64334878}.Release|Win32.ActiveCfg = Release|Win32
		{58880C60-7FB6-41D1-B22B-164A64334878}.Release|Win32.Build.0 = Release|Win32
	EndGlobalSection
	GlobalSection(SolutionProperties) = preSolution
		HideSolutionNode = FALSE
	EndGlobalSection
EndGlobal
