
Microsoft Visual Studio Solution File, Format Version 9.00
# Visual Studio 2005
Project("{8BC9CEB8-8B4A-11D0-8D11-00A0C91BC942}") = "OutTest", "OutTest.vcproj", "{6F57332C-96DA-4413-AD20-7DE8A2F5187B}"
EndProject
Global
	GlobalSection(SolutionConfigurationPlatforms) = preSolution
		Debug|Win32 = Debug|Win32
		Release|Win32 = Release|Win32
	EndGlobalSection
	GlobalSection(ProjectConfigurationPlatforms) = postSolution
		{6F57332C-96DA-4413-AD20-7DE8A2F5187B}.Debug|Win32.ActiveCfg = Debug|Win32
		{6F57332C-96DA-4413-AD20-7DE8A2F5187B}.Debug|Win32.Build.0 = Debug|Win32
		{6F57332C-96DA-4413-AD20-7DE8A2F5187B}.Release|Win32.ActiveCfg = Release|Win32
		{6F57332C-96DA-4413-AD20-7DE8A2F5187B}.Release|Win32.Build.0 = Release|Win32
	EndGlobalSection
	GlobalSection(SolutionProperties) = preSolution
		HideSolutionNode = FALSE
	EndGlobalSection
EndGlobal
