
Microsoft Visual Studio Solution File, Format Version 9.00
# Visual Studio 2005
Project("{8BC9CEB8-8B4A-11D0-8D11-00A0C91BC942}") = "Intro1", "Intro1.vcproj", "{BDE1A675-3D30-49B5-A980-370B0758EB03}"
EndProject
Global
	GlobalSection(SolutionConfigurationPlatforms) = preSolution
		Debug|Win32 = Debug|Win32
		Release|Win32 = Release|Win32
	EndGlobalSection
	GlobalSection(ProjectConfigurationPlatforms) = postSolution
		{BDE1A675-3D30-49B5-A980-370B0758EB03}.Debug|Win32.ActiveCfg = Debug|Win32
		{BDE1A675-3D30-49B5-A980-370B0758EB03}.Debug|Win32.Build.0 = Debug|Win32
		{BDE1A675-3D30-49B5-A980-370B0758EB03}.Release|Win32.ActiveCfg = Release|Win32
		{BDE1A675-3D30-49B5-A980-370B0758EB03}.Release|Win32.Build.0 = Release|Win32
	EndGlobalSection
	GlobalSection(SolutionProperties) = preSolution
		HideSolutionNode = FALSE
	EndGlobalSection
EndGlobal
