
Microsoft Visual Studio Solution File, Format Version 9.00
# Visual Studio 2005
Project("{8BC9CEB8-8B4A-11D0-8D11-00A0C91BC942}") = "FindMax", "FindMax.vcproj", "{11F9E702-4989-4179-96D3-BF22E8C7FCFD}"
EndProject
Global
	GlobalSection(SolutionConfigurationPlatforms) = preSolution
		Debug|Win32 = Debug|Win32
		Release|Win32 = Release|Win32
	EndGlobalSection
	GlobalSection(ProjectConfigurationPlatforms) = postSolution
		{11F9E702-4989-4179-96D3-BF22E8C7FCFD}.Debug|Win32.ActiveCfg = Debug|Win32
		{11F9E702-4989-4179-96D3-BF22E8C7FCFD}.Debug|Win32.Build.0 = Debug|Win32
		{11F9E702-4989-4179-96D3-BF22E8C7FCFD}.Release|Win32.ActiveCfg = Release|Win32
		{11F9E702-4989-4179-96D3-BF22E8C7FCFD}.Release|Win32.Build.0 = Release|Win32
	EndGlobalSection
	GlobalSection(SolutionProperties) = preSolution
		HideSolutionNode = FALSE
	EndGlobalSection
EndGlobal
