
Microsoft Visual Studio Solution File, Format Version 9.00
# Visual Studio 2005
Project("{8BC9CEB8-8B4A-11D0-8D11-00A0C91BC942}") = "Four", "Four.vcproj", "{35B17B6E-55A8-4129-A55A-C991FBAC72BD}"
EndProject
Global
	GlobalSection(SolutionConfigurationPlatforms) = preSolution
		Debug|Win32 = Debug|Win32
		Release|Win32 = Release|Win32
	EndGlobalSection
	GlobalSection(ProjectConfigurationPlatforms) = postSolution
		{35B17B6E-55A8-4129-A55A-C991FBAC72BD}.Debug|Win32.ActiveCfg = Debug|Win32
		{35B17B6E-55A8-4129-A55A-C991FBAC72BD}.Debug|Win32.Build.0 = Debug|Win32
		{35B17B6E-55A8-4129-A55A-C991FBAC72BD}.Release|Win32.ActiveCfg = Release|Win32
		{35B17B6E-55A8-4129-A55A-C991FBAC72BD}.Release|Win32.Build.0 = Release|Win32
	EndGlobalSection
	GlobalSection(SolutionProperties) = preSolution
		HideSolutionNode = FALSE
	EndGlobalSection
EndGlobal
