
Microsoft Visual Studio Solution File, Format Version 9.00
# Visual Studio 2005
Project("{8BC9CEB8-8B4A-11D0-8D11-00A0C91BC942}") = "Hex", "Hex.vcproj", "{5792E7A4-FAE7-44C7-B34F-26E529EE0BB9}"
EndProject
Global
	GlobalSection(SolutionConfigurationPlatforms) = preSolution
		Debug|Win32 = Debug|Win32
		Release|Win32 = Release|Win32
	EndGlobalSection
	GlobalSection(ProjectConfigurationPlatforms) = postSolution
		{5792E7A4-FAE7-44C7-B34F-26E529EE0BB9}.Debug|Win32.ActiveCfg = Debug|Win32
		{5792E7A4-FAE7-44C7-B34F-26E529EE0BB9}.Debug|Win32.Build.0 = Debug|Win32
		{5792E7A4-FAE7-44C7-B34F-26E529EE0BB9}.Release|Win32.ActiveCfg = Release|Win32
		{5792E7A4-FAE7-44C7-B34F-26E529EE0BB9}.Release|Win32.Build.0 = Release|Win32
	EndGlobalSection
	GlobalSection(SolutionProperties) = preSolution
		HideSolutionNode = FALSE
	EndGlobalSection
EndGlobal
